// !$*UTF8*$!
{
	archiveVersion = 1;
	classes = {
	};
	objectVersion = 56;
	objects = {

/* Begin PBXBuildFile section */
		C603F2AE28D9A2C000BDD90D /* LastActionLine.swift in Sources */ = {isa = PBXBuildFile; fileRef = C603F2AD28D9A2C000BDD90D /* LastActionLine.swift */; };
		C603F2B028DB28E400BDD90D /* ViewBorder.swift in Sources */ = {isa = PBXBuildFile; fileRef = C603F2AF28DB28E400BDD90D /* ViewBorder.swift */; };
		C605422328D9998B0078AD38 /* sfx2 in Resources */ = {isa = PBXBuildFile; fileRef = C605422228D9998B0078AD38 /* sfx2 */; };
		C60C335928D74B1E00F64A82 /* Friendly_HoldemApp.swift in Sources */ = {isa = PBXBuildFile; fileRef = C60C335828D74B1E00F64A82 /* Friendly_HoldemApp.swift */; };
		C60C335D28D74B1F00F64A82 /* Assets.xcassets in Resources */ = {isa = PBXBuildFile; fileRef = C60C335C28D74B1F00F64A82 /* Assets.xcassets */; };
		C60C336028D74B1F00F64A82 /* Preview Assets.xcassets in Resources */ = {isa = PBXBuildFile; fileRef = C60C335F28D74B1F00F64A82 /* Preview Assets.xcassets */; };
		C621D24928D7AB4900DB785D /* Algorithms in Frameworks */ = {isa = PBXBuildFile; productRef = C621D24828D7AB4900DB785D /* Algorithms */; };
		C63C8D4B292FB7A10018757B /* ContentView.swift in Sources */ = {isa = PBXBuildFile; fileRef = C63C8D4A292FB7A10018757B /* ContentView.swift */; };
		C63C8D4D292FB7B30018757B /* WelcomeView.swift in Sources */ = {isa = PBXBuildFile; fileRef = C63C8D4C292FB7B30018757B /* WelcomeView.swift */; };
		C65EBD3028D793F100E7D83E /* RawCardSuit.swift in Sources */ = {isa = PBXBuildFile; fileRef = C65EBD2528D793F000E7D83E /* RawCardSuit.swift */; };
		C65EBD3128D793F100E7D83E /* GameCtlExt_Agreeing.swift in Sources */ = {isa = PBXBuildFile; fileRef = C65EBD2628D793F000E7D83E /* GameCtlExt_Agreeing.swift */; };
		C65EBD3228D793F100E7D83E /* GameCtlExt_newAsync.swift in Sources */ = {isa = PBXBuildFile; fileRef = C65EBD2728D793F100E7D83E /* GameCtlExt_newAsync.swift */; };
		C65EBD3328D793F100E7D83E /* GameCtlExt_Quit.swift in Sources */ = {isa = PBXBuildFile; fileRef = C65EBD2828D793F100E7D83E /* GameCtlExt_Quit.swift */; };
		C65EBD3428D793F100E7D83E /* GameTransition.swift in Sources */ = {isa = PBXBuildFile; fileRef = C65EBD2928D793F100E7D83E /* GameTransition.swift */; };
		C65EBD3528D793F100E7D83E /* RawCardSymbol.swift in Sources */ = {isa = PBXBuildFile; fileRef = C65EBD2A28D793F100E7D83E /* RawCardSymbol.swift */; };
		C65EBD3628D793F100E7D83E /* GCHelper.swift in Sources */ = {isa = PBXBuildFile; fileRef = C65EBD2B28D793F100E7D83E /* GCHelper.swift */; };
		C65EBD3728D793F100E7D83E /* RawCard.swift in Sources */ = {isa = PBXBuildFile; fileRef = C65EBD2C28D793F100E7D83E /* RawCard.swift */; };
		C65EBD3828D793F100E7D83E /* GameCtlExt_Showdown.swift in Sources */ = {isa = PBXBuildFile; fileRef = C65EBD2D28D793F100E7D83E /* GameCtlExt_Showdown.swift */; };
		C65EBD3928D793F100E7D83E /* gameController.swift in Sources */ = {isa = PBXBuildFile; fileRef = C65EBD2E28D793F100E7D83E /* gameController.swift */; };
		C65EBD3A28D793F100E7D83E /* PreferencesClass.swift in Sources */ = {isa = PBXBuildFile; fileRef = C65EBD2F28D793F100E7D83E /* PreferencesClass.swift */; };
		C65EBD6E28D7950300E7D83E /* ShowdownItem.swift in Sources */ = {isa = PBXBuildFile; fileRef = C65EBD4028D7950100E7D83E /* ShowdownItem.swift */; };
		C65EBD6F28D7950300E7D83E /* MatchInfoView.swift in Sources */ = {isa = PBXBuildFile; fileRef = C65EBD4128D7950100E7D83E /* MatchInfoView.swift */; };
		C65EBD7028D7950300E7D83E /* HowToBegin.swift in Sources */ = {isa = PBXBuildFile; fileRef = C65EBD4228D7950100E7D83E /* HowToBegin.swift */; };
		C65EBD7128D7950300E7D83E /* MenuAndMatchView.swift in Sources */ = {isa = PBXBuildFile; fileRef = C65EBD4328D7950100E7D83E /* MenuAndMatchView.swift */; };
		C65EBD7228D7950300E7D83E /* DebugView.swift in Sources */ = {isa = PBXBuildFile; fileRef = C65EBD4428D7950100E7D83E /* DebugView.swift */; };
		C65EBD7328D7950300E7D83E /* OtherPlayerView.swift in Sources */ = {isa = PBXBuildFile; fileRef = C65EBD4528D7950100E7D83E /* OtherPlayerView.swift */; };
		C65EBD7428D7950300E7D83E /* PlayerInfoView.swift in Sources */ = {isa = PBXBuildFile; fileRef = C65EBD4628D7950100E7D83E /* PlayerInfoView.swift */; };
		C65EBD7628D7950300E7D83E /* CardStackView.swift in Sources */ = {isa = PBXBuildFile; fileRef = C65EBD4828D7950200E7D83E /* CardStackView.swift */; };
		C65EBD7728D7950300E7D83E /* MatchView.swift in Sources */ = {isa = PBXBuildFile; fileRef = C65EBD4928D7950200E7D83E /* MatchView.swift */; };
		C65EBD7828D7950300E7D83E /* CardStackIDlessView.swift in Sources */ = {isa = PBXBuildFile; fileRef = C65EBD4A28D7950200E7D83E /* CardStackIDlessView.swift */; };
		C65EBD7928D7950300E7D83E /* JoiningTableView.swift in Sources */ = {isa = PBXBuildFile; fileRef = C65EBD4B28D7950200E7D83E /* JoiningTableView.swift */; };
		C65EBD7A28D7950300E7D83E /* PokerTableView.swift in Sources */ = {isa = PBXBuildFile; fileRef = C65EBD4C28D7950200E7D83E /* PokerTableView.swift */; };
		C65EBD7B28D7950300E7D83E /* Stage2SetupView.swift in Sources */ = {isa = PBXBuildFile; fileRef = C65EBD4D28D7950200E7D83E /* Stage2SetupView.swift */; };
		C65EBD7C28D7950300E7D83E /* VariantLister.swift in Sources */ = {isa = PBXBuildFile; fileRef = C65EBD4E28D7950200E7D83E /* VariantLister.swift */; };
		C65EBD7F28D7950300E7D83E /* BetRaiseAmountPicker.swift in Sources */ = {isa = PBXBuildFile; fileRef = C65EBD5128D7950200E7D83E /* BetRaiseAmountPicker.swift */; };
		C65EBD8028D7950300E7D83E /* ActiveActionMenu2.swift in Sources */ = {isa = PBXBuildFile; fileRef = C65EBD5228D7950200E7D83E /* ActiveActionMenu2.swift */; };
		C65EBD8328D7950300E7D83E /* CardView.swift in Sources */ = {isa = PBXBuildFile; fileRef = C65EBD5528D7950200E7D83E /* CardView.swift */; };
		C65EBD8528D7950300E7D83E /* AgreeingStage1View.swift in Sources */ = {isa = PBXBuildFile; fileRef = C65EBD5728D7950200E7D83E /* AgreeingStage1View.swift */; };
		C65EBD8628D7950300E7D83E /* MatchMenuView.swift in Sources */ = {isa = PBXBuildFile; fileRef = C65EBD5828D7950200E7D83E /* MatchMenuView.swift */; };
		C65EBD8728D7950300E7D83E /* NumberOfPlayersChooser.swift in Sources */ = {isa = PBXBuildFile; fileRef = C65EBD5928D7950200E7D83E /* NumberOfPlayersChooser.swift */; };
		C65EBD8928D7950300E7D83E /* FinalShowView.swift in Sources */ = {isa = PBXBuildFile; fileRef = C65EBD5B28D7950200E7D83E /* FinalShowView.swift */; };
		C65EBD8A28D7950300E7D83E /* Stage3MainMenuView.swift in Sources */ = {isa = PBXBuildFile; fileRef = C65EBD5C28D7950200E7D83E /* Stage3MainMenuView.swift */; };
		C65EBD8B28D7950300E7D83E /* AgreeingView.swift in Sources */ = {isa = PBXBuildFile; fileRef = C65EBD5D28D7950200E7D83E /* AgreeingView.swift */; };
		C65EBD8C28D7950300E7D83E /* CardGameContainer.swift in Sources */ = {isa = PBXBuildFile; fileRef = C65EBD5E28D7950200E7D83E /* CardGameContainer.swift */; };
		C65EBD8D28D7950300E7D83E /* LogInfoView.swift in Sources */ = {isa = PBXBuildFile; fileRef = C65EBD5F28D7950200E7D83E /* LogInfoView.swift */; };
		C65EBD8E28D7950300E7D83E /* PotInfoView.swift in Sources */ = {isa = PBXBuildFile; fileRef = C65EBD6028D7950300E7D83E /* PotInfoView.swift */; };
		C65EBD9328D7950300E7D83E /* AgreeingInactiveView.swift in Sources */ = {isa = PBXBuildFile; fileRef = C65EBD6528D7950300E7D83E /* AgreeingInactiveView.swift */; };
		C65EBD9428D7950300E7D83E /* OOGTableView.swift in Sources */ = {isa = PBXBuildFile; fileRef = C65EBD6628D7950300E7D83E /* OOGTableView.swift */; };
		C65EBD9528D7950300E7D83E /* InactiveActionMenuView.swift in Sources */ = {isa = PBXBuildFile; fileRef = C65EBD6728D7950300E7D83E /* InactiveActionMenuView.swift */; };
		C65EBD9628D7950300E7D83E /* MatchDetailsView.swift in Sources */ = {isa = PBXBuildFile; fileRef = C65EBD6828D7950300E7D83E /* MatchDetailsView.swift */; };
		C65EBD9728D7950300E7D83E /* gameView.swift in Sources */ = {isa = PBXBuildFile; fileRef = C65EBD6928D7950300E7D83E /* gameView.swift */; };
		C65EBD9828D7950300E7D83E /* ShowdownView.swift in Sources */ = {isa = PBXBuildFile; fileRef = C65EBD6A28D7950300E7D83E /* ShowdownView.swift */; };
		C65EBD9928D7950300E7D83E /* ExistingMatchChooserView.swift in Sources */ = {isa = PBXBuildFile; fileRef = C65EBD6B28D7950300E7D83E /* ExistingMatchChooserView.swift */; };
		C65EBD9A28D7950300E7D83E /* StackGlowFlasher.swift in Sources */ = {isa = PBXBuildFile; fileRef = C65EBD6C28D7950300E7D83E /* StackGlowFlasher.swift */; };
		C65EBD9B28D7950300E7D83E /* VariantAddForm.swift in Sources */ = {isa = PBXBuildFile; fileRef = C65EBD6D28D7950300E7D83E /* VariantAddForm.swift */; };
		C65EBDA028D7961B00E7D83E /* GameLocalizer.swift in Sources */ = {isa = PBXBuildFile; fileRef = C65EBD9C28D7961B00E7D83E /* GameLocalizer.swift */; };
		C65EBDA128D7961B00E7D83E /* ParticipantLocalization.swift in Sources */ = {isa = PBXBuildFile; fileRef = C65EBD9D28D7961B00E7D83E /* ParticipantLocalization.swift */; };
		C65EBDA228D7961B00E7D83E /* MatchLocalizer.swift in Sources */ = {isa = PBXBuildFile; fileRef = C65EBD9E28D7961B00E7D83E /* MatchLocalizer.swift */; };
		C65EBDA328D7961B00E7D83E /* ParticipantLocalization copy.swift in Sources */ = {isa = PBXBuildFile; fileRef = C65EBD9F28D7961B00E7D83E /* ParticipantLocalization copy.swift */; };
		C65EBDB828D7968200E7D83E /* GameStartParameters.swift in Sources */ = {isa = PBXBuildFile; fileRef = C65EBDA428D7968100E7D83E /* GameStartParameters.swift */; };
		C65EBDB928D7968200E7D83E /* PokerCardInterpretation.swift in Sources */ = {isa = PBXBuildFile; fileRef = C65EBDA528D7968100E7D83E /* PokerCardInterpretation.swift */; };
		C65EBDBA28D7968200E7D83E /* PokerGameShowdown.swift in Sources */ = {isa = PBXBuildFile; fileRef = C65EBDA628D7968100E7D83E /* PokerGameShowdown.swift */; };
		C65EBDBB28D7968200E7D83E /* InterpretationHandExtension.swift in Sources */ = {isa = PBXBuildFile; fileRef = C65EBDA728D7968100E7D83E /* InterpretationHandExtension.swift */; };
		C65EBDBC28D7968200E7D83E /* CardStack.swift in Sources */ = {isa = PBXBuildFile; fileRef = C65EBDA828D7968100E7D83E /* CardStack.swift */; };
		C65EBDBD28D7968200E7D83E /* gameState.swift in Sources */ = {isa = PBXBuildFile; fileRef = C65EBDA928D7968200E7D83E /* gameState.swift */; };
		C65EBDBE28D7968200E7D83E /* PokerGameAgreeing.swift in Sources */ = {isa = PBXBuildFile; fileRef = C65EBDAA28D7968200E7D83E /* PokerGameAgreeing.swift */; };
		C65EBDBF28D7968200E7D83E /* PokerPlayerAction.swift in Sources */ = {isa = PBXBuildFile; fileRef = C65EBDAB28D7968200E7D83E /* PokerPlayerAction.swift */; };
		C65EBDC028D7968200E7D83E /* PokerPlayer.swift in Sources */ = {isa = PBXBuildFile; fileRef = C65EBDAC28D7968200E7D83E /* PokerPlayer.swift */; };
		C65EBDC128D7968200E7D83E /* PokerPot.swift in Sources */ = {isa = PBXBuildFile; fileRef = C65EBDAD28D7968200E7D83E /* PokerPot.swift */; };
		C65EBDC228D7968200E7D83E /* tester1.swift in Sources */ = {isa = PBXBuildFile; fileRef = C65EBDAE28D7968200E7D83E /* tester1.swift */; };
		C65EBDC328D7968200E7D83E /* GameLogEntry.swift in Sources */ = {isa = PBXBuildFile; fileRef = C65EBDAF28D7968200E7D83E /* GameLogEntry.swift */; };
		C65EBDC428D7968200E7D83E /* test4Outcomes.swift in Sources */ = {isa = PBXBuildFile; fileRef = C65EBDB028D7968200E7D83E /* test4Outcomes.swift */; };
		C65EBDC528D7968200E7D83E /* DealShowdownStatus.swift in Sources */ = {isa = PBXBuildFile; fileRef = C65EBDB128D7968200E7D83E /* DealShowdownStatus.swift */; };
		C65EBDC628D7968200E7D83E /* GameEndStatus.swift in Sources */ = {isa = PBXBuildFile; fileRef = C65EBDB228D7968200E7D83E /* GameEndStatus.swift */; };
		C65EBDC728D7968200E7D83E /* PokerHandRank.swift in Sources */ = {isa = PBXBuildFile; fileRef = C65EBDB328D7968200E7D83E /* PokerHandRank.swift */; };
		C65EBDC828D7968200E7D83E /* PokerRules.swift in Sources */ = {isa = PBXBuildFile; fileRef = C65EBDB428D7968200E7D83E /* PokerRules.swift */; };
		C65EBDC928D7968200E7D83E /* PokerInterpretationHand.swift in Sources */ = {isa = PBXBuildFile; fileRef = C65EBDB528D7968200E7D83E /* PokerInterpretationHand.swift */; };
		C65EBDCA28D7968200E7D83E /* PokerGame.swift in Sources */ = {isa = PBXBuildFile; fileRef = C65EBDB628D7968200E7D83E /* PokerGame.swift */; };
		C65EBDCB28D7968200E7D83E /* Card.swift in Sources */ = {isa = PBXBuildFile; fileRef = C65EBDB728D7968200E7D83E /* Card.swift */; };
		C65EBDD328D796BE00E7D83E /* BlinkingButton.swift in Sources */ = {isa = PBXBuildFile; fileRef = C65EBDCC28D796BD00E7D83E /* BlinkingButton.swift */; };
		C65EBDD428D796BE00E7D83E /* InputQuery.swift in Sources */ = {isa = PBXBuildFile; fileRef = C65EBDCD28D796BE00E7D83E /* InputQuery.swift */; };
		C65EBDD528D796BE00E7D83E /* MinWidthContainer.swift in Sources */ = {isa = PBXBuildFile; fileRef = C65EBDCE28D796BE00E7D83E /* MinWidthContainer.swift */; };
		C65EBDD628D796BE00E7D83E /* PaddedButton.swift in Sources */ = {isa = PBXBuildFile; fileRef = C65EBDCF28D796BE00E7D83E /* PaddedButton.swift */; };
		C65EBDD728D796BE00E7D83E /* soundFX.swift in Sources */ = {isa = PBXBuildFile; fileRef = C65EBDD028D796BE00E7D83E /* soundFX.swift */; };
		C65EBDD828D796BE00E7D83E /* groupedAsync.swift in Sources */ = {isa = PBXBuildFile; fileRef = C65EBDD128D796BE00E7D83E /* groupedAsync.swift */; };
		C65EBDD928D796BE00E7D83E /* InterText.swift in Sources */ = {isa = PBXBuildFile; fileRef = C65EBDD228D796BE00E7D83E /* InterText.swift */; };
		C65EBDEA28D7971E00E7D83E /* CustomAlignments.swift in Sources */ = {isa = PBXBuildFile; fileRef = C65EBDDA28D7971D00E7D83E /* CustomAlignments.swift */; };
		C65EBDEB28D7971E00E7D83E /* blurYourself.swift in Sources */ = {isa = PBXBuildFile; fileRef = C65EBDDB28D7971D00E7D83E /* blurYourself.swift */; };
		C65EBDEC28D7971E00E7D83E /* TaskSleepSeconds.swift in Sources */ = {isa = PBXBuildFile; fileRef = C65EBDDC28D7971D00E7D83E /* TaskSleepSeconds.swift */; };
		C65EBDED28D7971E00E7D83E /* UITurnBasedMatch.swift in Sources */ = {isa = PBXBuildFile; fileRef = C65EBDDD28D7971D00E7D83E /* UITurnBasedMatch.swift */; };
		C65EBDEE28D7971E00E7D83E /* OrdinalNumberFormatterExt.swift in Sources */ = {isa = PBXBuildFile; fileRef = C65EBDDE28D7971D00E7D83E /* OrdinalNumberFormatterExt.swift */; };
		C65EBDEF28D7971E00E7D83E /* MatchFindExchange.swift in Sources */ = {isa = PBXBuildFile; fileRef = C65EBDDF28D7971D00E7D83E /* MatchFindExchange.swift */; };
		C65EBDF028D7971E00E7D83E /* BlurryBackground.swift in Sources */ = {isa = PBXBuildFile; fileRef = C65EBDE028D7971D00E7D83E /* BlurryBackground.swift */; };
		C65EBDF128D7971E00E7D83E /* RangeTrim.swift in Sources */ = {isa = PBXBuildFile; fileRef = C65EBDE128D7971D00E7D83E /* RangeTrim.swift */; };
		C65EBDF228D7971E00E7D83E /* StringExtension.swift in Sources */ = {isa = PBXBuildFile; fileRef = C65EBDE228D7971D00E7D83E /* StringExtension.swift */; };
		C65EBDF328D7971E00E7D83E /* ParticipantArrayExtension.swift in Sources */ = {isa = PBXBuildFile; fileRef = C65EBDE328D7971D00E7D83E /* ParticipantArrayExtension.swift */; };
		C65EBDF428D7971E00E7D83E /* MatchExtension.swift in Sources */ = {isa = PBXBuildFile; fileRef = C65EBDE428D7971D00E7D83E /* MatchExtension.swift */; };
		C65EBDF528D7971E00E7D83E /* DispatchQueueRelativeAsync.swift in Sources */ = {isa = PBXBuildFile; fileRef = C65EBDE528D7971D00E7D83E /* DispatchQueueRelativeAsync.swift */; };
		C65EBDF628D7971E00E7D83E /* OptionalToStringOptExtension.swift in Sources */ = {isa = PBXBuildFile; fileRef = C65EBDE628D7971D00E7D83E /* OptionalToStringOptExtension.swift */; };
		C65EBDF728D7971E00E7D83E /* RelativeDateFormatterExtension.swift in Sources */ = {isa = PBXBuildFile; fileRef = C65EBDE728D7971E00E7D83E /* RelativeDateFormatterExtension.swift */; };
		C65EBDF828D7971E00E7D83E /* ArrayNextOthers.swift in Sources */ = {isa = PBXBuildFile; fileRef = C65EBDE828D7971E00E7D83E /* ArrayNextOthers.swift */; };
		C65EBDF928D7971E00E7D83E /* ConditionalAXAction.swift in Sources */ = {isa = PBXBuildFile; fileRef = C65EBDE928D7971E00E7D83E /* ConditionalAXAction.swift */; };
		C65EBDFB28D7990F00E7D83E /* JumpingTextView.swift in Sources */ = {isa = PBXBuildFile; fileRef = C65EBDFA28D7990F00E7D83E /* JumpingTextView.swift */; };
		C66CF76928DCCE8900D2C11C /* SwappableBiStack.swift in Sources */ = {isa = PBXBuildFile; fileRef = C66CF76828DCCE8900D2C11C /* SwappableBiStack.swift */; };
		C6A6989B28E5DF1C0050A7FE /* NeedToAcknowledgeView.swift in Sources */ = {isa = PBXBuildFile; fileRef = C6A6989A28E5DF1C0050A7FE /* NeedToAcknowledgeView.swift */; };
		C6B0201728E33AD800498CAE /* Localizable.strings in Resources */ = {isa = PBXBuildFile; fileRef = C6B0201528E33AD800498CAE /* Localizable.strings */; };
/* End PBXBuildFile section */

/* Begin PBXFileReference section */
		C603F2AD28D9A2C000BDD90D /* LastActionLine.swift */ = {isa = PBXFileReference; lastKnownFileType = sourcecode.swift; path = LastActionLine.swift; sourceTree = "<group>"; };
		C603F2AF28DB28E400BDD90D /* ViewBorder.swift */ = {isa = PBXFileReference; lastKnownFileType = sourcecode.swift; path = ViewBorder.swift; sourceTree = "<group>"; };
		C605422228D9998B0078AD38 /* sfx2 */ = {isa = PBXFileReference; lastKnownFileType = folder; path = sfx2; sourceTree = "<group>"; };
		C60C335528D74B1E00F64A82 /* Friendly Holdem.app */ = {isa = PBXFileReference; explicitFileType = wrapper.application; includeInIndex = 0; path = "Friendly Holdem.app"; sourceTree = BUILT_PRODUCTS_DIR; };
		C60C335828D74B1E00F64A82 /* Friendly_HoldemApp.swift */ = {isa = PBXFileReference; lastKnownFileType = sourcecode.swift; path = Friendly_HoldemApp.swift; sourceTree = "<group>"; };
		C60C335C28D74B1F00F64A82 /* Assets.xcassets */ = {isa = PBXFileReference; lastKnownFileType = folder.assetcatalog; path = Assets.xcassets; sourceTree = "<group>"; };
		C60C335F28D74B1F00F64A82 /* Preview Assets.xcassets */ = {isa = PBXFileReference; lastKnownFileType = folder.assetcatalog; path = "Preview Assets.xcassets"; sourceTree = "<group>"; };
		C63C8D4A292FB7A10018757B /* ContentView.swift */ = {isa = PBXFileReference; fileEncoding = 4; lastKnownFileType = sourcecode.swift; path = ContentView.swift; sourceTree = "<group>"; };
		C63C8D4C292FB7B30018757B /* WelcomeView.swift */ = {isa = PBXFileReference; fileEncoding = 4; lastKnownFileType = sourcecode.swift; path = WelcomeView.swift; sourceTree = "<group>"; };
		C65EBD2528D793F000E7D83E /* RawCardSuit.swift */ = {isa = PBXFileReference; fileEncoding = 4; lastKnownFileType = sourcecode.swift; path = RawCardSuit.swift; sourceTree = "<group>"; };
		C65EBD2628D793F000E7D83E /* GameCtlExt_Agreeing.swift */ = {isa = PBXFileReference; fileEncoding = 4; lastKnownFileType = sourcecode.swift; path = GameCtlExt_Agreeing.swift; sourceTree = "<group>"; };
		C65EBD2728D793F100E7D83E /* GameCtlExt_newAsync.swift */ = {isa = PBXFileReference; fileEncoding = 4; lastKnownFileType = sourcecode.swift; path = GameCtlExt_newAsync.swift; sourceTree = "<group>"; };
		C65EBD2828D793F100E7D83E /* GameCtlExt_Quit.swift */ = {isa = PBXFileReference; fileEncoding = 4; lastKnownFileType = sourcecode.swift; path = GameCtlExt_Quit.swift; sourceTree = "<group>"; };
		C65EBD2928D793F100E7D83E /* GameTransition.swift */ = {isa = PBXFileReference; fileEncoding = 4; lastKnownFileType = sourcecode.swift; path = GameTransition.swift; sourceTree = "<group>"; };
		C65EBD2A28D793F100E7D83E /* RawCardSymbol.swift */ = {isa = PBXFileReference; fileEncoding = 4; lastKnownFileType = sourcecode.swift; path = RawCardSymbol.swift; sourceTree = "<group>"; };
		C65EBD2B28D793F100E7D83E /* GCHelper.swift */ = {isa = PBXFileReference; fileEncoding = 4; lastKnownFileType = sourcecode.swift; path = GCHelper.swift; sourceTree = "<group>"; };
		C65EBD2C28D793F100E7D83E /* RawCard.swift */ = {isa = PBXFileReference; fileEncoding = 4; lastKnownFileType = sourcecode.swift; path = RawCard.swift; sourceTree = "<group>"; };
		C65EBD2D28D793F100E7D83E /* GameCtlExt_Showdown.swift */ = {isa = PBXFileReference; fileEncoding = 4; lastKnownFileType = sourcecode.swift; path = GameCtlExt_Showdown.swift; sourceTree = "<group>"; };
		C65EBD2E28D793F100E7D83E /* gameController.swift */ = {isa = PBXFileReference; fileEncoding = 4; lastKnownFileType = sourcecode.swift; path = gameController.swift; sourceTree = "<group>"; };
		C65EBD2F28D793F100E7D83E /* PreferencesClass.swift */ = {isa = PBXFileReference; fileEncoding = 4; lastKnownFileType = sourcecode.swift; path = PreferencesClass.swift; sourceTree = "<group>"; };
		C65EBD4028D7950100E7D83E /* ShowdownItem.swift */ = {isa = PBXFileReference; fileEncoding = 4; lastKnownFileType = sourcecode.swift; path = ShowdownItem.swift; sourceTree = "<group>"; };
		C65EBD4128D7950100E7D83E /* MatchInfoView.swift */ = {isa = PBXFileReference; fileEncoding = 4; lastKnownFileType = sourcecode.swift; path = MatchInfoView.swift; sourceTree = "<group>"; };
		C65EBD4228D7950100E7D83E /* HowToBegin.swift */ = {isa = PBXFileReference; fileEncoding = 4; lastKnownFileType = sourcecode.swift; path = HowToBegin.swift; sourceTree = "<group>"; };
		C65EBD4328D7950100E7D83E /* MenuAndMatchView.swift */ = {isa = PBXFileReference; fileEncoding = 4; lastKnownFileType = sourcecode.swift; path = MenuAndMatchView.swift; sourceTree = "<group>"; };
		C65EBD4428D7950100E7D83E /* DebugView.swift */ = {isa = PBXFileReference; fileEncoding = 4; lastKnownFileType = sourcecode.swift; path = DebugView.swift; sourceTree = "<group>"; };
		C65EBD4528D7950100E7D83E /* OtherPlayerView.swift */ = {isa = PBXFileReference; fileEncoding = 4; lastKnownFileType = sourcecode.swift; path = OtherPlayerView.swift; sourceTree = "<group>"; };
		C65EBD4628D7950100E7D83E /* PlayerInfoView.swift */ = {isa = PBXFileReference; fileEncoding = 4; lastKnownFileType = sourcecode.swift; path = PlayerInfoView.swift; sourceTree = "<group>"; };
		C65EBD4828D7950200E7D83E /* CardStackView.swift */ = {isa = PBXFileReference; fileEncoding = 4; lastKnownFileType = sourcecode.swift; path = CardStackView.swift; sourceTree = "<group>"; };
		C65EBD4928D7950200E7D83E /* MatchView.swift */ = {isa = PBXFileReference; fileEncoding = 4; lastKnownFileType = sourcecode.swift; path = MatchView.swift; sourceTree = "<group>"; };
		C65EBD4A28D7950200E7D83E /* CardStackIDlessView.swift */ = {isa = PBXFileReference; fileEncoding = 4; lastKnownFileType = sourcecode.swift; path = CardStackIDlessView.swift; sourceTree = "<group>"; };
		C65EBD4B28D7950200E7D83E /* JoiningTableView.swift */ = {isa = PBXFileReference; fileEncoding = 4; lastKnownFileType = sourcecode.swift; path = JoiningTableView.swift; sourceTree = "<group>"; };
		C65EBD4C28D7950200E7D83E /* PokerTableView.swift */ = {isa = PBXFileReference; fileEncoding = 4; lastKnownFileType = sourcecode.swift; path = PokerTableView.swift; sourceTree = "<group>"; };
		C65EBD4D28D7950200E7D83E /* Stage2SetupView.swift */ = {isa = PBXFileReference; fileEncoding = 4; lastKnownFileType = sourcecode.swift; path = Stage2SetupView.swift; sourceTree = "<group>"; };
		C65EBD4E28D7950200E7D83E /* VariantLister.swift */ = {isa = PBXFileReference; fileEncoding = 4; lastKnownFileType = sourcecode.swift; path = VariantLister.swift; sourceTree = "<group>"; };
		C65EBD5128D7950200E7D83E /* BetRaiseAmountPicker.swift */ = {isa = PBXFileReference; fileEncoding = 4; lastKnownFileType = sourcecode.swift; path = BetRaiseAmountPicker.swift; sourceTree = "<group>"; };
		C65EBD5228D7950200E7D83E /* ActiveActionMenu2.swift */ = {isa = PBXFileReference; fileEncoding = 4; lastKnownFileType = sourcecode.swift; path = ActiveActionMenu2.swift; sourceTree = "<group>"; };
		C65EBD5528D7950200E7D83E /* CardView.swift */ = {isa = PBXFileReference; fileEncoding = 4; lastKnownFileType = sourcecode.swift; path = CardView.swift; sourceTree = "<group>"; };
		C65EBD5728D7950200E7D83E /* AgreeingStage1View.swift */ = {isa = PBXFileReference; fileEncoding = 4; lastKnownFileType = sourcecode.swift; path = AgreeingStage1View.swift; sourceTree = "<group>"; };
		C65EBD5828D7950200E7D83E /* MatchMenuView.swift */ = {isa = PBXFileReference; fileEncoding = 4; lastKnownFileType = sourcecode.swift; path = MatchMenuView.swift; sourceTree = "<group>"; };
		C65EBD5928D7950200E7D83E /* NumberOfPlayersChooser.swift */ = {isa = PBXFileReference; fileEncoding = 4; lastKnownFileType = sourcecode.swift; path = NumberOfPlayersChooser.swift; sourceTree = "<group>"; };
		C65EBD5B28D7950200E7D83E /* FinalShowView.swift */ = {isa = PBXFileReference; fileEncoding = 4; lastKnownFileType = sourcecode.swift; path = FinalShowView.swift; sourceTree = "<group>"; };
		C65EBD5C28D7950200E7D83E /* Stage3MainMenuView.swift */ = {isa = PBXFileReference; fileEncoding = 4; lastKnownFileType = sourcecode.swift; path = Stage3MainMenuView.swift; sourceTree = "<group>"; };
		C65EBD5D28D7950200E7D83E /* AgreeingView.swift */ = {isa = PBXFileReference; fileEncoding = 4; lastKnownFileType = sourcecode.swift; path = AgreeingView.swift; sourceTree = "<group>"; };
		C65EBD5E28D7950200E7D83E /* CardGameContainer.swift */ = {isa = PBXFileReference; fileEncoding = 4; lastKnownFileType = sourcecode.swift; path = CardGameContainer.swift; sourceTree = "<group>"; };
		C65EBD5F28D7950200E7D83E /* LogInfoView.swift */ = {isa = PBXFileReference; fileEncoding = 4; lastKnownFileType = sourcecode.swift; path = LogInfoView.swift; sourceTree = "<group>"; };
		C65EBD6028D7950300E7D83E /* PotInfoView.swift */ = {isa = PBXFileReference; fileEncoding = 4; lastKnownFileType = sourcecode.swift; path = PotInfoView.swift; sourceTree = "<group>"; };
		C65EBD6528D7950300E7D83E /* AgreeingInactiveView.swift */ = {isa = PBXFileReference; fileEncoding = 4; lastKnownFileType = sourcecode.swift; path = AgreeingInactiveView.swift; sourceTree = "<group>"; };
		C65EBD6628D7950300E7D83E /* OOGTableView.swift */ = {isa = PBXFileReference; fileEncoding = 4; lastKnownFileType = sourcecode.swift; path = OOGTableView.swift; sourceTree = "<group>"; };
		C65EBD6728D7950300E7D83E /* InactiveActionMenuView.swift */ = {isa = PBXFileReference; fileEncoding = 4; lastKnownFileType = sourcecode.swift; path = InactiveActionMenuView.swift; sourceTree = "<group>"; };
		C65EBD6828D7950300E7D83E /* MatchDetailsView.swift */ = {isa = PBXFileReference; fileEncoding = 4; lastKnownFileType = sourcecode.swift; path = MatchDetailsView.swift; sourceTree = "<group>"; };
		C65EBD6928D7950300E7D83E /* gameView.swift */ = {isa = PBXFileReference; fileEncoding = 4; lastKnownFileType = sourcecode.swift; path = gameView.swift; sourceTree = "<group>"; };
		C65EBD6A28D7950300E7D83E /* ShowdownView.swift */ = {isa = PBXFileReference; fileEncoding = 4; lastKnownFileType = sourcecode.swift; path = ShowdownView.swift; sourceTree = "<group>"; };
		C65EBD6B28D7950300E7D83E /* ExistingMatchChooserView.swift */ = {isa = PBXFileReference; fileEncoding = 4; lastKnownFileType = sourcecode.swift; path = ExistingMatchChooserView.swift; sourceTree = "<group>"; };
		C65EBD6C28D7950300E7D83E /* StackGlowFlasher.swift */ = {isa = PBXFileReference; fileEncoding = 4; lastKnownFileType = sourcecode.swift; path = StackGlowFlasher.swift; sourceTree = "<group>"; };
		C65EBD6D28D7950300E7D83E /* VariantAddForm.swift */ = {isa = PBXFileReference; fileEncoding = 4; lastKnownFileType = sourcecode.swift; path = VariantAddForm.swift; sourceTree = "<group>"; };
		C65EBD9C28D7961B00E7D83E /* GameLocalizer.swift */ = {isa = PBXFileReference; fileEncoding = 4; lastKnownFileType = sourcecode.swift; path = GameLocalizer.swift; sourceTree = "<group>"; };
		C65EBD9D28D7961B00E7D83E /* ParticipantLocalization.swift */ = {isa = PBXFileReference; fileEncoding = 4; lastKnownFileType = sourcecode.swift; path = ParticipantLocalization.swift; sourceTree = "<group>"; };
		C65EBD9E28D7961B00E7D83E /* MatchLocalizer.swift */ = {isa = PBXFileReference; fileEncoding = 4; lastKnownFileType = sourcecode.swift; path = MatchLocalizer.swift; sourceTree = "<group>"; };
		C65EBD9F28D7961B00E7D83E /* ParticipantLocalization copy.swift */ = {isa = PBXFileReference; fileEncoding = 4; lastKnownFileType = sourcecode.swift; path = "ParticipantLocalization copy.swift"; sourceTree = "<group>"; };
		C65EBDA428D7968100E7D83E /* GameStartParameters.swift */ = {isa = PBXFileReference; fileEncoding = 4; lastKnownFileType = sourcecode.swift; path = GameStartParameters.swift; sourceTree = "<group>"; };
		C65EBDA528D7968100E7D83E /* PokerCardInterpretation.swift */ = {isa = PBXFileReference; fileEncoding = 4; lastKnownFileType = sourcecode.swift; path = PokerCardInterpretation.swift; sourceTree = "<group>"; };
		C65EBDA628D7968100E7D83E /* PokerGameShowdown.swift */ = {isa = PBXFileReference; fileEncoding = 4; lastKnownFileType = sourcecode.swift; path = PokerGameShowdown.swift; sourceTree = "<group>"; };
		C65EBDA728D7968100E7D83E /* InterpretationHandExtension.swift */ = {isa = PBXFileReference; fileEncoding = 4; lastKnownFileType = sourcecode.swift; path = InterpretationHandExtension.swift; sourceTree = "<group>"; };
		C65EBDA828D7968100E7D83E /* CardStack.swift */ = {isa = PBXFileReference; fileEncoding = 4; lastKnownFileType = sourcecode.swift; path = CardStack.swift; sourceTree = "<group>"; };
		C65EBDA928D7968200E7D83E /* gameState.swift */ = {isa = PBXFileReference; fileEncoding = 4; lastKnownFileType = sourcecode.swift; path = gameState.swift; sourceTree = "<group>"; };
		C65EBDAA28D7968200E7D83E /* PokerGameAgreeing.swift */ = {isa = PBXFileReference; fileEncoding = 4; lastKnownFileType = sourcecode.swift; path = PokerGameAgreeing.swift; sourceTree = "<group>"; };
		C65EBDAB28D7968200E7D83E /* PokerPlayerAction.swift */ = {isa = PBXFileReference; fileEncoding = 4; lastKnownFileType = sourcecode.swift; path = PokerPlayerAction.swift; sourceTree = "<group>"; };
		C65EBDAC28D7968200E7D83E /* PokerPlayer.swift */ = {isa = PBXFileReference; fileEncoding = 4; lastKnownFileType = sourcecode.swift; path = PokerPlayer.swift; sourceTree = "<group>"; };
		C65EBDAD28D7968200E7D83E /* PokerPot.swift */ = {isa = PBXFileReference; fileEncoding = 4; lastKnownFileType = sourcecode.swift; path = PokerPot.swift; sourceTree = "<group>"; };
		C65EBDAE28D7968200E7D83E /* tester1.swift */ = {isa = PBXFileReference; fileEncoding = 4; lastKnownFileType = sourcecode.swift; path = tester1.swift; sourceTree = "<group>"; };
		C65EBDAF28D7968200E7D83E /* GameLogEntry.swift */ = {isa = PBXFileReference; fileEncoding = 4; lastKnownFileType = sourcecode.swift; path = GameLogEntry.swift; sourceTree = "<group>"; };
		C65EBDB028D7968200E7D83E /* test4Outcomes.swift */ = {isa = PBXFileReference; fileEncoding = 4; lastKnownFileType = sourcecode.swift; path = test4Outcomes.swift; sourceTree = "<group>"; };
		C65EBDB128D7968200E7D83E /* DealShowdownStatus.swift */ = {isa = PBXFileReference; fileEncoding = 4; lastKnownFileType = sourcecode.swift; path = DealShowdownStatus.swift; sourceTree = "<group>"; };
		C65EBDB228D7968200E7D83E /* GameEndStatus.swift */ = {isa = PBXFileReference; fileEncoding = 4; lastKnownFileType = sourcecode.swift; path = GameEndStatus.swift; sourceTree = "<group>"; };
		C65EBDB328D7968200E7D83E /* PokerHandRank.swift */ = {isa = PBXFileReference; fileEncoding = 4; lastKnownFileType = sourcecode.swift; path = PokerHandRank.swift; sourceTree = "<group>"; };
		C65EBDB428D7968200E7D83E /* PokerRules.swift */ = {isa = PBXFileReference; fileEncoding = 4; lastKnownFileType = sourcecode.swift; path = PokerRules.swift; sourceTree = "<group>"; };
		C65EBDB528D7968200E7D83E /* PokerInterpretationHand.swift */ = {isa = PBXFileReference; fileEncoding = 4; lastKnownFileType = sourcecode.swift; path = PokerInterpretationHand.swift; sourceTree = "<group>"; };
		C65EBDB628D7968200E7D83E /* PokerGame.swift */ = {isa = PBXFileReference; fileEncoding = 4; lastKnownFileType = sourcecode.swift; path = PokerGame.swift; sourceTree = "<group>"; };
		C65EBDB728D7968200E7D83E /* Card.swift */ = {isa = PBXFileReference; fileEncoding = 4; lastKnownFileType = sourcecode.swift; path = Card.swift; sourceTree = "<group>"; };
		C65EBDCC28D796BD00E7D83E /* BlinkingButton.swift */ = {isa = PBXFileReference; fileEncoding = 4; lastKnownFileType = sourcecode.swift; path = BlinkingButton.swift; sourceTree = "<group>"; };
		C65EBDCD28D796BE00E7D83E /* InputQuery.swift */ = {isa = PBXFileReference; fileEncoding = 4; lastKnownFileType = sourcecode.swift; path = InputQuery.swift; sourceTree = "<group>"; };
		C65EBDCE28D796BE00E7D83E /* MinWidthContainer.swift */ = {isa = PBXFileReference; fileEncoding = 4; lastKnownFileType = sourcecode.swift; path = MinWidthContainer.swift; sourceTree = "<group>"; };
		C65EBDCF28D796BE00E7D83E /* PaddedButton.swift */ = {isa = PBXFileReference; fileEncoding = 4; lastKnownFileType = sourcecode.swift; path = PaddedButton.swift; sourceTree = "<group>"; };
		C65EBDD028D796BE00E7D83E /* soundFX.swift */ = {isa = PBXFileReference; fileEncoding = 4; lastKnownFileType = sourcecode.swift; path = soundFX.swift; sourceTree = "<group>"; };
		C65EBDD128D796BE00E7D83E /* groupedAsync.swift */ = {isa = PBXFileReference; fileEncoding = 4; lastKnownFileType = sourcecode.swift; path = groupedAsync.swift; sourceTree = "<group>"; };
		C65EBDD228D796BE00E7D83E /* InterText.swift */ = {isa = PBXFileReference; fileEncoding = 4; lastKnownFileType = sourcecode.swift; path = InterText.swift; sourceTree = "<group>"; };
		C65EBDDA28D7971D00E7D83E /* CustomAlignments.swift */ = {isa = PBXFileReference; fileEncoding = 4; lastKnownFileType = sourcecode.swift; path = CustomAlignments.swift; sourceTree = "<group>"; };
		C65EBDDB28D7971D00E7D83E /* blurYourself.swift */ = {isa = PBXFileReference; fileEncoding = 4; lastKnownFileType = sourcecode.swift; path = blurYourself.swift; sourceTree = "<group>"; };
		C65EBDDC28D7971D00E7D83E /* TaskSleepSeconds.swift */ = {isa = PBXFileReference; fileEncoding = 4; lastKnownFileType = sourcecode.swift; path = TaskSleepSeconds.swift; sourceTree = "<group>"; };
		C65EBDDD28D7971D00E7D83E /* UITurnBasedMatch.swift */ = {isa = PBXFileReference; fileEncoding = 4; lastKnownFileType = sourcecode.swift; path = UITurnBasedMatch.swift; sourceTree = "<group>"; };
		C65EBDDE28D7971D00E7D83E /* OrdinalNumberFormatterExt.swift */ = {isa = PBXFileReference; fileEncoding = 4; lastKnownFileType = sourcecode.swift; path = OrdinalNumberFormatterExt.swift; sourceTree = "<group>"; };
		C65EBDDF28D7971D00E7D83E /* MatchFindExchange.swift */ = {isa = PBXFileReference; fileEncoding = 4; lastKnownFileType = sourcecode.swift; path = MatchFindExchange.swift; sourceTree = "<group>"; };
		C65EBDE028D7971D00E7D83E /* BlurryBackground.swift */ = {isa = PBXFileReference; fileEncoding = 4; lastKnownFileType = sourcecode.swift; path = BlurryBackground.swift; sourceTree = "<group>"; };
		C65EBDE128D7971D00E7D83E /* RangeTrim.swift */ = {isa = PBXFileReference; fileEncoding = 4; lastKnownFileType = sourcecode.swift; path = RangeTrim.swift; sourceTree = "<group>"; };
		C65EBDE228D7971D00E7D83E /* StringExtension.swift */ = {isa = PBXFileReference; fileEncoding = 4; lastKnownFileType = sourcecode.swift; path = StringExtension.swift; sourceTree = "<group>"; };
		C65EBDE328D7971D00E7D83E /* ParticipantArrayExtension.swift */ = {isa = PBXFileReference; fileEncoding = 4; lastKnownFileType = sourcecode.swift; path = ParticipantArrayExtension.swift; sourceTree = "<group>"; };
		C65EBDE428D7971D00E7D83E /* MatchExtension.swift */ = {isa = PBXFileReference; fileEncoding = 4; lastKnownFileType = sourcecode.swift; path = MatchExtension.swift; sourceTree = "<group>"; };
		C65EBDE528D7971D00E7D83E /* DispatchQueueRelativeAsync.swift */ = {isa = PBXFileReference; fileEncoding = 4; lastKnownFileType = sourcecode.swift; path = DispatchQueueRelativeAsync.swift; sourceTree = "<group>"; };
		C65EBDE628D7971D00E7D83E /* OptionalToStringOptExtension.swift */ = {isa = PBXFileReference; fileEncoding = 4; lastKnownFileType = sourcecode.swift; path = OptionalToStringOptExtension.swift; sourceTree = "<group>"; };
		C65EBDE728D7971E00E7D83E /* RelativeDateFormatterExtension.swift */ = {isa = PBXFileReference; fileEncoding = 4; lastKnownFileType = sourcecode.swift; path = RelativeDateFormatterExtension.swift; sourceTree = "<group>"; };
		C65EBDE828D7971E00E7D83E /* ArrayNextOthers.swift */ = {isa = PBXFileReference; fileEncoding = 4; lastKnownFileType = sourcecode.swift; path = ArrayNextOthers.swift; sourceTree = "<group>"; };
		C65EBDE928D7971E00E7D83E /* ConditionalAXAction.swift */ = {isa = PBXFileReference; fileEncoding = 4; lastKnownFileType = sourcecode.swift; path = ConditionalAXAction.swift; sourceTree = "<group>"; };
		C65EBDFA28D7990F00E7D83E /* JumpingTextView.swift */ = {isa = PBXFileReference; lastKnownFileType = sourcecode.swift; path = JumpingTextView.swift; sourceTree = "<group>"; };
		C66CF76828DCCE8900D2C11C /* SwappableBiStack.swift */ = {isa = PBXFileReference; lastKnownFileType = sourcecode.swift; path = SwappableBiStack.swift; sourceTree = "<group>"; };
		C697F3AC28D753F60052ABB3 /* Friendly Holdem.entitlements */ = {isa = PBXFileReference; lastKnownFileType = text.plist.entitlements; path = "Friendly Holdem.entitlements"; sourceTree = "<group>"; };
		C6A6989A28E5DF1C0050A7FE /* NeedToAcknowledgeView.swift */ = {isa = PBXFileReference; lastKnownFileType = sourcecode.swift; path = NeedToAcknowledgeView.swift; sourceTree = "<group>"; };
		C6B0201628E33AD800498CAE /* ro */ = {isa = PBXFileReference; lastKnownFileType = text.plist.strings; name = ro; path = ro.lproj/Localizable.strings; sourceTree = "<group>"; };
/* End PBXFileReference section */

/* Begin PBXFrameworksBuildPhase section */
		C60C335228D74B1E00F64A82 /* Frameworks */ = {
			isa = PBXFrameworksBuildPhase;
			buildActionMask = 2147483647;
			files = (
				C621D24928D7AB4900DB785D /* Algorithms in Frameworks */,
			);
			runOnlyForDeploymentPostprocessing = 0;
		};
/* End PBXFrameworksBuildPhase section */

/* Begin PBXGroup section */
		C60C334C28D74B1E00F64A82 = {
			isa = PBXGroup;
			children = (
				C60C335728D74B1E00F64A82 /* Friendly Holdem */,
				C60C335628D74B1E00F64A82 /* Products */,
			);
			sourceTree = "<group>";
		};
		C60C335628D74B1E00F64A82 /* Products */ = {
			isa = PBXGroup;
			children = (
				C60C335528D74B1E00F64A82 /* Friendly Holdem.app */,
			);
			name = Products;
			sourceTree = "<group>";
		};
		C60C335728D74B1E00F64A82 /* Friendly Holdem */ = {
			isa = PBXGroup;
			children = (
				C6B0201528E33AD800498CAE /* Localizable.strings */,
				C697F3AC28D753F60052ABB3 /* Friendly Holdem.entitlements */,
				C60C335828D74B1E00F64A82 /* Friendly_HoldemApp.swift */,
				C65EBD3F28D7944300E7D83E /* Views */,
				C65EBD3E28D7943C00E7D83E /* Localizers */,
				C65EBD2E28D793F100E7D83E /* gameController.swift */,
				C65EBD2628D793F000E7D83E /* GameCtlExt_Agreeing.swift */,
				C65EBD2728D793F100E7D83E /* GameCtlExt_newAsync.swift */,
				C65EBD2828D793F100E7D83E /* GameCtlExt_Quit.swift */,
				C65EBD2D28D793F100E7D83E /* GameCtlExt_Showdown.swift */,
				C65EBD2928D793F100E7D83E /* GameTransition.swift */,
				C65EBD2B28D793F100E7D83E /* GCHelper.swift */,
				C65EBD2F28D793F100E7D83E /* PreferencesClass.swift */,
				C65EBD3D28D7942400E7D83E /* Poker stuff */,
				C65EBD2C28D793F100E7D83E /* RawCard.swift */,
				C65EBD2528D793F000E7D83E /* RawCardSuit.swift */,
				C65EBD2A28D793F100E7D83E /* RawCardSymbol.swift */,
				C605422228D9998B0078AD38 /* sfx2 */,
				C65EBD3C28D7940D00E7D83E /* Generals */,
				C65EBD3B28D7940300E7D83E /* Extensions */,
				C60C335C28D74B1F00F64A82 /* Assets.xcassets */,
				C60C335E28D74B1F00F64A82 /* Preview Content */,
			);
			path = "Friendly Holdem";
			sourceTree = "<group>";
		};
		C60C335E28D74B1F00F64A82 /* Preview Content */ = {
			isa = PBXGroup;
			children = (
				C60C335F28D74B1F00F64A82 /* Preview Assets.xcassets */,
			);
			path = "Preview Content";
			sourceTree = "<group>";
		};
		C65EBD3B28D7940300E7D83E /* Extensions */ = {
			isa = PBXGroup;
			children = (
				C65EBDE828D7971E00E7D83E /* ArrayNextOthers.swift */,
				C65EBDE028D7971D00E7D83E /* BlurryBackground.swift */,
				C603F2AF28DB28E400BDD90D /* ViewBorder.swift */,
				C65EBDDB28D7971D00E7D83E /* blurYourself.swift */,
				C65EBDE928D7971E00E7D83E /* ConditionalAXAction.swift */,
				C65EBDDA28D7971D00E7D83E /* CustomAlignments.swift */,
				C65EBDE528D7971D00E7D83E /* DispatchQueueRelativeAsync.swift */,
				C65EBDE428D7971D00E7D83E /* MatchExtension.swift */,
				C65EBDDF28D7971D00E7D83E /* MatchFindExchange.swift */,
				C65EBDE628D7971D00E7D83E /* OptionalToStringOptExtension.swift */,
				C65EBDDE28D7971D00E7D83E /* OrdinalNumberFormatterExt.swift */,
				C65EBDE328D7971D00E7D83E /* ParticipantArrayExtension.swift */,
				C65EBDE128D7971D00E7D83E /* RangeTrim.swift */,
				C65EBDE728D7971E00E7D83E /* RelativeDateFormatterExtension.swift */,
				C65EBDE228D7971D00E7D83E /* StringExtension.swift */,
				C65EBDDC28D7971D00E7D83E /* TaskSleepSeconds.swift */,
				C65EBDDD28D7971D00E7D83E /* UITurnBasedMatch.swift */,
			);
			path = Extensions;
			sourceTree = "<group>";
		};
		C65EBD3C28D7940D00E7D83E /* Generals */ = {
			isa = PBXGroup;
			children = (
				C65EBDCC28D796BD00E7D83E /* BlinkingButton.swift */,
				C65EBDD128D796BE00E7D83E /* groupedAsync.swift */,
				C65EBDCD28D796BE00E7D83E /* InputQuery.swift */,
				C65EBDD228D796BE00E7D83E /* InterText.swift */,
				C65EBDCE28D796BE00E7D83E /* MinWidthContainer.swift */,
				C65EBDCF28D796BE00E7D83E /* PaddedButton.swift */,
				C65EBDD028D796BE00E7D83E /* soundFX.swift */,
				C66CF76828DCCE8900D2C11C /* SwappableBiStack.swift */,
			);
			path = Generals;
			sourceTree = "<group>";
		};
		C65EBD3D28D7942400E7D83E /* Poker stuff */ = {
			isa = PBXGroup;
			children = (
				C65EBDB728D7968200E7D83E /* Card.swift */,
				C65EBDA828D7968100E7D83E /* CardStack.swift */,
				C65EBDB128D7968200E7D83E /* DealShowdownStatus.swift */,
				C65EBDB228D7968200E7D83E /* GameEndStatus.swift */,
				C65EBDAF28D7968200E7D83E /* GameLogEntry.swift */,
				C65EBDA428D7968100E7D83E /* GameStartParameters.swift */,
				C65EBDA928D7968200E7D83E /* gameState.swift */,
				C65EBDA728D7968100E7D83E /* InterpretationHandExtension.swift */,
				C65EBDA528D7968100E7D83E /* PokerCardInterpretation.swift */,
				C65EBDB628D7968200E7D83E /* PokerGame.swift */,
				C65EBDAA28D7968200E7D83E /* PokerGameAgreeing.swift */,
				C65EBDA628D7968100E7D83E /* PokerGameShowdown.swift */,
				C65EBDB328D7968200E7D83E /* PokerHandRank.swift */,
				C65EBDB528D7968200E7D83E /* PokerInterpretationHand.swift */,
				C65EBDAC28D7968200E7D83E /* PokerPlayer.swift */,
				C65EBDAB28D7968200E7D83E /* PokerPlayerAction.swift */,
				C65EBDAD28D7968200E7D83E /* PokerPot.swift */,
				C65EBDB428D7968200E7D83E /* PokerRules.swift */,
				C65EBDB028D7968200E7D83E /* test4Outcomes.swift */,
				C65EBDAE28D7968200E7D83E /* tester1.swift */,
			);
			path = "Poker stuff";
			sourceTree = "<group>";
		};
		C65EBD3E28D7943C00E7D83E /* Localizers */ = {
			isa = PBXGroup;
			children = (
				C65EBD9C28D7961B00E7D83E /* GameLocalizer.swift */,
				C65EBD9E28D7961B00E7D83E /* MatchLocalizer.swift */,
				C65EBD9F28D7961B00E7D83E /* ParticipantLocalization copy.swift */,
				C65EBD9D28D7961B00E7D83E /* ParticipantLocalization.swift */,
			);
			path = Localizers;
			sourceTree = "<group>";
		};
		C65EBD3F28D7944300E7D83E /* Views */ = {
			isa = PBXGroup;
			children = (
				C63C8D4A292FB7A10018757B /* ContentView.swift */,
				C63C8D4C292FB7B30018757B /* WelcomeView.swift */,
				C65EBD5228D7950200E7D83E /* ActiveActionMenu2.swift */,
				C65EBD6528D7950300E7D83E /* AgreeingInactiveView.swift */,
				C65EBD5728D7950200E7D83E /* AgreeingStage1View.swift */,
				C65EBD5D28D7950200E7D83E /* AgreeingView.swift */,
				C65EBD5128D7950200E7D83E /* BetRaiseAmountPicker.swift */,
				C65EBD5E28D7950200E7D83E /* CardGameContainer.swift */,
				C65EBD4A28D7950200E7D83E /* CardStackIDlessView.swift */,
				C65EBD4828D7950200E7D83E /* CardStackView.swift */,
				C65EBD5528D7950200E7D83E /* CardView.swift */,
				C65EBD4428D7950100E7D83E /* DebugView.swift */,
				C65EBD6B28D7950300E7D83E /* ExistingMatchChooserView.swift */,
				C65EBD5B28D7950200E7D83E /* FinalShowView.swift */,
				C65EBD6928D7950300E7D83E /* gameView.swift */,
				C65EBD4228D7950100E7D83E /* HowToBegin.swift */,
				C65EBD6728D7950300E7D83E /* InactiveActionMenuView.swift */,
				C603F2AD28D9A2C000BDD90D /* LastActionLine.swift */,
				C65EBD4B28D7950200E7D83E /* JoiningTableView.swift */,
				C65EBDFA28D7990F00E7D83E /* JumpingTextView.swift */,
				C65EBD5F28D7950200E7D83E /* LogInfoView.swift */,
				C65EBD6828D7950300E7D83E /* MatchDetailsView.swift */,
				C65EBD4128D7950100E7D83E /* MatchInfoView.swift */,
				C65EBD5828D7950200E7D83E /* MatchMenuView.swift */,
				C65EBD4928D7950200E7D83E /* MatchView.swift */,
				C65EBD4328D7950100E7D83E /* MenuAndMatchView.swift */,
				C65EBD5928D7950200E7D83E /* NumberOfPlayersChooser.swift */,
				C65EBD6628D7950300E7D83E /* OOGTableView.swift */,
				C65EBD4528D7950100E7D83E /* OtherPlayerView.swift */,
				C65EBD4628D7950100E7D83E /* PlayerInfoView.swift */,
				C65EBD4C28D7950200E7D83E /* PokerTableView.swift */,
				C65EBD6028D7950300E7D83E /* PotInfoView.swift */,
				C65EBD4028D7950100E7D83E /* ShowdownItem.swift */,
				C65EBD6A28D7950300E7D83E /* ShowdownView.swift */,
				C6A6989A28E5DF1C0050A7FE /* NeedToAcknowledgeView.swift */,
				C65EBD6C28D7950300E7D83E /* StackGlowFlasher.swift */,
				C65EBD4D28D7950200E7D83E /* Stage2SetupView.swift */,
				C65EBD5C28D7950200E7D83E /* Stage3MainMenuView.swift */,
				C65EBD6D28D7950300E7D83E /* VariantAddForm.swift */,
				C65EBD4E28D7950200E7D83E /* VariantLister.swift */,
			);
			path = Views;
			sourceTree = "<group>";
		};
/* End PBXGroup section */

/* Begin PBXNativeTarget section */
		C60C335428D74B1E00F64A82 /* Friendly Holdem */ = {
			isa = PBXNativeTarget;
			buildConfigurationList = C60C336328D74B1F00F64A82 /* Build configuration list for PBXNativeTarget "Friendly Holdem" */;
			buildPhases = (
				C60C335128D74B1E00F64A82 /* Sources */,
				C60C335228D74B1E00F64A82 /* Frameworks */,
				C60C335328D74B1E00F64A82 /* Resources */,
			);
			buildRules = (
			);
			dependencies = (
			);
			name = "Friendly Holdem";
			packageProductDependencies = (
				C621D24828D7AB4900DB785D /* Algorithms */,
			);
			productName = "Friendly Holdem";
			productReference = C60C335528D74B1E00F64A82 /* Friendly Holdem.app */;
			productType = "com.apple.product-type.application";
		};
/* End PBXNativeTarget section */

/* Begin PBXProject section */
		C60C334D28D74B1E00F64A82 /* Project object */ = {
			isa = PBXProject;
			attributes = {
				BuildIndependentTargetsInParallel = 1;
				LastSwiftUpdateCheck = 1400;
				LastUpgradeCheck = 1400;
				TargetAttributes = {
					C60C335428D74B1E00F64A82 = {
						CreatedOnToolsVersion = 14.0;
					};
				};
			};
			buildConfigurationList = C60C335028D74B1E00F64A82 /* Build configuration list for PBXProject "Friendly Holdem" */;
			compatibilityVersion = "Xcode 14.0";
			developmentRegion = en;
			hasScannedForEncodings = 0;
			knownRegions = (
				en,
				Base,
				ro,
			);
			mainGroup = C60C334C28D74B1E00F64A82;
			packageReferences = (
				C621D24728D7AB4900DB785D /* XCRemoteSwiftPackageReference "swift-algorithms" */,
			);
			productRefGroup = C60C335628D74B1E00F64A82 /* Products */;
			projectDirPath = "";
			projectRoot = "";
			targets = (
				C60C335428D74B1E00F64A82 /* Friendly Holdem */,
			);
		};
/* End PBXProject section */

/* Begin PBXResourcesBuildPhase section */
		C60C335328D74B1E00F64A82 /* Resources */ = {
			isa = PBXResourcesBuildPhase;
			buildActionMask = 2147483647;
			files = (
				C60C336028D74B1F00F64A82 /* Preview Assets.xcassets in Resources */,
				C6B0201728E33AD800498CAE /* Localizable.strings in Resources */,
				C60C335D28D74B1F00F64A82 /* Assets.xcassets in Resources */,
				C605422328D9998B0078AD38 /* sfx2 in Resources */,
			);
			runOnlyForDeploymentPostprocessing = 0;
		};
/* End PBXResourcesBuildPhase section */

/* Begin PBXSourcesBuildPhase section */
		C60C335128D74B1E00F64A82 /* Sources */ = {
			isa = PBXSourcesBuildPhase;
			buildActionMask = 2147483647;
			files = (
				C65EBDF428D7971E00E7D83E /* MatchExtension.swift in Sources */,
				C65EBDEC28D7971E00E7D83E /* TaskSleepSeconds.swift in Sources */,
				C65EBD3728D793F100E7D83E /* RawCard.swift in Sources */,
				C65EBD8628D7950300E7D83E /* MatchMenuView.swift in Sources */,
				C65EBD7028D7950300E7D83E /* HowToBegin.swift in Sources */,
				C65EBD3928D793F100E7D83E /* gameController.swift in Sources */,
				C65EBDC528D7968200E7D83E /* DealShowdownStatus.swift in Sources */,
				C65EBDD928D796BE00E7D83E /* InterText.swift in Sources */,
				C65EBDC928D7968200E7D83E /* PokerInterpretationHand.swift in Sources */,
				C65EBDC828D7968200E7D83E /* PokerRules.swift in Sources */,
				C65EBD8528D7950300E7D83E /* AgreeingStage1View.swift in Sources */,
				C63C8D4D292FB7B30018757B /* WelcomeView.swift in Sources */,
				C65EBD7A28D7950300E7D83E /* PokerTableView.swift in Sources */,
				C65EBD9528D7950300E7D83E /* InactiveActionMenuView.swift in Sources */,
				C65EBDA228D7961B00E7D83E /* MatchLocalizer.swift in Sources */,
				C65EBD9628D7950300E7D83E /* MatchDetailsView.swift in Sources */,
				C65EBDEE28D7971E00E7D83E /* OrdinalNumberFormatterExt.swift in Sources */,
				C65EBD3528D793F100E7D83E /* RawCardSymbol.swift in Sources */,
				C65EBD3828D793F100E7D83E /* GameCtlExt_Showdown.swift in Sources */,
				C65EBDC728D7968200E7D83E /* PokerHandRank.swift in Sources */,
				C65EBDF828D7971E00E7D83E /* ArrayNextOthers.swift in Sources */,
				C65EBD3A28D793F100E7D83E /* PreferencesClass.swift in Sources */,
				C65EBD8E28D7950300E7D83E /* PotInfoView.swift in Sources */,
				C65EBDB828D7968200E7D83E /* GameStartParameters.swift in Sources */,
				C65EBD8928D7950300E7D83E /* FinalShowView.swift in Sources */,
				C65EBDF728D7971E00E7D83E /* RelativeDateFormatterExtension.swift in Sources */,
				C603F2AE28D9A2C000BDD90D /* LastActionLine.swift in Sources */,
				C63C8D4B292FB7A10018757B /* ContentView.swift in Sources */,
				C65EBDA128D7961B00E7D83E /* ParticipantLocalization.swift in Sources */,
				C65EBDCA28D7968200E7D83E /* PokerGame.swift in Sources */,
				C65EBDBF28D7968200E7D83E /* PokerPlayerAction.swift in Sources */,
				C65EBDD328D796BE00E7D83E /* BlinkingButton.swift in Sources */,
				C65EBDD428D796BE00E7D83E /* InputQuery.swift in Sources */,
				C65EBDD528D796BE00E7D83E /* MinWidthContainer.swift in Sources */,
				C65EBDBE28D7968200E7D83E /* PokerGameAgreeing.swift in Sources */,
				C65EBD8C28D7950300E7D83E /* CardGameContainer.swift in Sources */,
				C65EBD9928D7950300E7D83E /* ExistingMatchChooserView.swift in Sources */,
				C65EBDD728D796BE00E7D83E /* soundFX.swift in Sources */,
				C65EBD3428D793F100E7D83E /* GameTransition.swift in Sources */,
				C65EBD7728D7950300E7D83E /* MatchView.swift in Sources */,
				C65EBDEA28D7971E00E7D83E /* CustomAlignments.swift in Sources */,
				C65EBD7428D7950300E7D83E /* PlayerInfoView.swift in Sources */,
				C65EBD7F28D7950300E7D83E /* BetRaiseAmountPicker.swift in Sources */,
				C65EBDBB28D7968200E7D83E /* InterpretationHandExtension.swift in Sources */,
				C65EBDF028D7971E00E7D83E /* BlurryBackground.swift in Sources */,
				C65EBD7B28D7950300E7D83E /* Stage2SetupView.swift in Sources */,
				C65EBD8328D7950300E7D83E /* CardView.swift in Sources */,
				C65EBD6F28D7950300E7D83E /* MatchInfoView.swift in Sources */,
				C65EBDD628D796BE00E7D83E /* PaddedButton.swift in Sources */,
				C65EBDC428D7968200E7D83E /* test4Outcomes.swift in Sources */,
				C65EBD7C28D7950300E7D83E /* VariantLister.swift in Sources */,
				C65EBD7928D7950300E7D83E /* JoiningTableView.swift in Sources */,
				C60C335928D74B1E00F64A82 /* Friendly_HoldemApp.swift in Sources */,
				C603F2B028DB28E400BDD90D /* ViewBorder.swift in Sources */,
				C65EBDC228D7968200E7D83E /* tester1.swift in Sources */,
				C65EBD9728D7950300E7D83E /* gameView.swift in Sources */,
				C65EBDEB28D7971E00E7D83E /* blurYourself.swift in Sources */,
				C65EBD8028D7950300E7D83E /* ActiveActionMenu2.swift in Sources */,
				C65EBDF328D7971E00E7D83E /* ParticipantArrayExtension.swift in Sources */,
				C65EBD8B28D7950300E7D83E /* AgreeingView.swift in Sources */,
				C65EBDC128D7968200E7D83E /* PokerPot.swift in Sources */,
				C65EBD9328D7950300E7D83E /* AgreeingInactiveView.swift in Sources */,
				C65EBD8728D7950300E7D83E /* NumberOfPlayersChooser.swift in Sources */,
				C65EBDFB28D7990F00E7D83E /* JumpingTextView.swift in Sources */,
				C65EBDF128D7971E00E7D83E /* RangeTrim.swift in Sources */,
				C65EBDCB28D7968200E7D83E /* Card.swift in Sources */,
				C65EBDC028D7968200E7D83E /* PokerPlayer.swift in Sources */,
				C66CF76928DCCE8900D2C11C /* SwappableBiStack.swift in Sources */,
				C65EBDBD28D7968200E7D83E /* gameState.swift in Sources */,
				C6A6989B28E5DF1C0050A7FE /* NeedToAcknowledgeView.swift in Sources */,
				C65EBD8D28D7950300E7D83E /* LogInfoView.swift in Sources */,
				C65EBD3328D793F100E7D83E /* GameCtlExt_Quit.swift in Sources */,
				C65EBD7628D7950300E7D83E /* CardStackView.swift in Sources */,
				C65EBDF628D7971E00E7D83E /* OptionalToStringOptExtension.swift in Sources */,
				C65EBDEF28D7971E00E7D83E /* MatchFindExchange.swift in Sources */,
				C65EBD9428D7950300E7D83E /* OOGTableView.swift in Sources */,
				C65EBDB928D7968200E7D83E /* PokerCardInterpretation.swift in Sources */,
				C65EBD9828D7950300E7D83E /* ShowdownView.swift in Sources */,
				C65EBD3028D793F100E7D83E /* RawCardSuit.swift in Sources */,
				C65EBD7228D7950300E7D83E /* DebugView.swift in Sources */,
				C65EBDA328D7961B00E7D83E /* ParticipantLocalization copy.swift in Sources */,
				C65EBDED28D7971E00E7D83E /* UITurnBasedMatch.swift in Sources */,
				C65EBD3628D793F100E7D83E /* GCHelper.swift in Sources */,
				C65EBDC628D7968200E7D83E /* GameEndStatus.swift in Sources */,
				C65EBDC328D7968200E7D83E /* GameLogEntry.swift in Sources */,
				C65EBDBA28D7968200E7D83E /* PokerGameShowdown.swift in Sources */,
				C65EBD7328D7950300E7D83E /* OtherPlayerView.swift in Sources */,
				C65EBD7828D7950300E7D83E /* CardStackIDlessView.swift in Sources */,
				C65EBDA028D7961B00E7D83E /* GameLocalizer.swift in Sources */,
				C65EBDF928D7971E00E7D83E /* ConditionalAXAction.swift in Sources */,
				C65EBDF228D7971E00E7D83E /* StringExtension.swift in Sources */,
				C65EBD3128D793F100E7D83E /* GameCtlExt_Agreeing.swift in Sources */,
				C65EBD3228D793F100E7D83E /* GameCtlExt_newAsync.swift in Sources */,
				C65EBD9B28D7950300E7D83E /* VariantAddForm.swift in Sources */,
				C65EBD6E28D7950300E7D83E /* ShowdownItem.swift in Sources */,
				C65EBDBC28D7968200E7D83E /* CardStack.swift in Sources */,
				C65EBD7128D7950300E7D83E /* MenuAndMatchView.swift in Sources */,
				C65EBDF528D7971E00E7D83E /* DispatchQueueRelativeAsync.swift in Sources */,
				C65EBD8A28D7950300E7D83E /* Stage3MainMenuView.swift in Sources */,
				C65EBDD828D796BE00E7D83E /* groupedAsync.swift in Sources */,
				C65EBD9A28D7950300E7D83E /* StackGlowFlasher.swift in Sources */,
			);
			runOnlyForDeploymentPostprocessing = 0;
		};
/* End PBXSourcesBuildPhase section */

/* Begin PBXVariantGroup section */
		C6B0201528E33AD800498CAE /* Localizable.strings */ = {
			isa = PBXVariantGroup;
			children = (
				C6B0201628E33AD800498CAE /* ro */,
			);
			name = Localizable.strings;
			sourceTree = "<group>";
		};
/* End PBXVariantGroup section */

/* Begin XCBuildConfiguration section */
		C60C336128D74B1F00F64A82 /* Debug */ = {
			isa = XCBuildConfiguration;
			buildSettings = {
				ALWAYS_SEARCH_USER_PATHS = NO;
				CLANG_ANALYZER_NONNULL = YES;
				CLANG_ANALYZER_NUMBER_OBJECT_CONVERSION = YES_AGGRESSIVE;
				CLANG_CXX_LANGUAGE_STANDARD = "gnu++20";
				CLANG_ENABLE_MODULES = YES;
				CLANG_ENABLE_OBJC_ARC = YES;
				CLANG_ENABLE_OBJC_WEAK = YES;
				CLANG_WARN_BLOCK_CAPTURE_AUTORELEASING = YES;
				CLANG_WARN_BOOL_CONVERSION = YES;
				CLANG_WARN_COMMA = YES;
				CLANG_WARN_CONSTANT_CONVERSION = YES;
				CLANG_WARN_DEPRECATED_OBJC_IMPLEMENTATIONS = YES;
				CLANG_WARN_DIRECT_OBJC_ISA_USAGE = YES_ERROR;
				CLANG_WARN_DOCUMENTATION_COMMENTS = YES;
				CLANG_WARN_EMPTY_BODY = YES;
				CLANG_WARN_ENUM_CONVERSION = YES;
				CLANG_WARN_INFINITE_RECURSION = YES;
				CLANG_WARN_INT_CONVERSION = YES;
				CLANG_WARN_NON_LITERAL_NULL_CONVERSION = YES;
				CLANG_WARN_OBJC_IMPLICIT_RETAIN_SELF = YES;
				CLANG_WARN_OBJC_LITERAL_CONVERSION = YES;
				CLANG_WARN_OBJC_ROOT_CLASS = YES_ERROR;
				CLANG_WARN_QUOTED_INCLUDE_IN_FRAMEWORK_HEADER = YES;
				CLANG_WARN_RANGE_LOOP_ANALYSIS = YES;
				CLANG_WARN_STRICT_PROTOTYPES = YES;
				CLANG_WARN_SUSPICIOUS_MOVE = YES;
				CLANG_WARN_UNGUARDED_AVAILABILITY = YES_AGGRESSIVE;
				CLANG_WARN_UNREACHABLE_CODE = YES;
				CLANG_WARN__DUPLICATE_METHOD_MATCH = YES;
				COPY_PHASE_STRIP = NO;
				DEBUG_INFORMATION_FORMAT = dwarf;
				ENABLE_STRICT_OBJC_MSGSEND = YES;
				ENABLE_TESTABILITY = YES;
				GCC_C_LANGUAGE_STANDARD = gnu11;
				GCC_DYNAMIC_NO_PIC = NO;
				GCC_NO_COMMON_BLOCKS = YES;
				GCC_OPTIMIZATION_LEVEL = 0;
				GCC_PREPROCESSOR_DEFINITIONS = (
					"DEBUG=1",
					"$(inherited)",
				);
				GCC_WARN_64_TO_32_BIT_CONVERSION = YES;
				GCC_WARN_ABOUT_RETURN_TYPE = YES_ERROR;
				GCC_WARN_UNDECLARED_SELECTOR = YES;
				GCC_WARN_UNINITIALIZED_AUTOS = YES_AGGRESSIVE;
				GCC_WARN_UNUSED_FUNCTION = YES;
				GCC_WARN_UNUSED_VARIABLE = YES;
				IPHONEOS_DEPLOYMENT_TARGET = 15.6;
				MTL_ENABLE_DEBUG_INFO = INCLUDE_SOURCE;
				MTL_FAST_MATH = YES;
				ONLY_ACTIVE_ARCH = YES;
				SDKROOT = iphoneos;
				SWIFT_ACTIVE_COMPILATION_CONDITIONS = DEBUG;
				SWIFT_OPTIMIZATION_LEVEL = "-Onone";
			};
			name = Debug;
		};
		C60C336228D74B1F00F64A82 /* Release */ = {
			isa = XCBuildConfiguration;
			buildSettings = {
				ALWAYS_SEARCH_USER_PATHS = NO;
				CLANG_ANALYZER_NONNULL = YES;
				CLANG_ANALYZER_NUMBER_OBJECT_CONVERSION = YES_AGGRESSIVE;
				CLANG_CXX_LANGUAGE_STANDARD = "gnu++20";
				CLANG_ENABLE_MODULES = YES;
				CLANG_ENABLE_OBJC_ARC = YES;
				CLANG_ENABLE_OBJC_WEAK = YES;
				CLANG_WARN_BLOCK_CAPTURE_AUTORELEASING = YES;
				CLANG_WARN_BOOL_CONVERSION = YES;
				CLANG_WARN_COMMA = YES;
				CLANG_WARN_CONSTANT_CONVERSION = YES;
				CLANG_WARN_DEPRECATED_OBJC_IMPLEMENTATIONS = YES;
				CLANG_WARN_DIRECT_OBJC_ISA_USAGE = YES_ERROR;
				CLANG_WARN_DOCUMENTATION_COMMENTS = YES;
				CLANG_WARN_EMPTY_BODY = YES;
				CLANG_WARN_ENUM_CONVERSION = YES;
				CLANG_WARN_INFINITE_RECURSION = YES;
				CLANG_WARN_INT_CONVERSION = YES;
				CLANG_WARN_NON_LITERAL_NULL_CONVERSION = YES;
				CLANG_WARN_OBJC_IMPLICIT_RETAIN_SELF = YES;
				CLANG_WARN_OBJC_LITERAL_CONVERSION = YES;
				CLANG_WARN_OBJC_ROOT_CLASS = YES_ERROR;
				CLANG_WARN_QUOTED_INCLUDE_IN_FRAMEWORK_HEADER = YES;
				CLANG_WARN_RANGE_LOOP_ANALYSIS = YES;
				CLANG_WARN_STRICT_PROTOTYPES = YES;
				CLANG_WARN_SUSPICIOUS_MOVE = YES;
				CLANG_WARN_UNGUARDED_AVAILABILITY = YES_AGGRESSIVE;
				CLANG_WARN_UNREACHABLE_CODE = YES;
				CLANG_WARN__DUPLICATE_METHOD_MATCH = YES;
				COPY_PHASE_STRIP = NO;
				DEBUG_INFORMATION_FORMAT = "dwarf-with-dsym";
				ENABLE_NS_ASSERTIONS = NO;
				ENABLE_STRICT_OBJC_MSGSEND = YES;
				GCC_C_LANGUAGE_STANDARD = gnu11;
				GCC_NO_COMMON_BLOCKS = YES;
				GCC_WARN_64_TO_32_BIT_CONVERSION = YES;
				GCC_WARN_ABOUT_RETURN_TYPE = YES_ERROR;
				GCC_WARN_UNDECLARED_SELECTOR = YES;
				GCC_WARN_UNINITIALIZED_AUTOS = YES_AGGRESSIVE;
				GCC_WARN_UNUSED_FUNCTION = YES;
				GCC_WARN_UNUSED_VARIABLE = YES;
				IPHONEOS_DEPLOYMENT_TARGET = 15.6;
				MTL_ENABLE_DEBUG_INFO = NO;
				MTL_FAST_MATH = YES;
				SDKROOT = iphoneos;
				SWIFT_COMPILATION_MODE = wholemodule;
				SWIFT_OPTIMIZATION_LEVEL = "-O";
				VALIDATE_PRODUCT = YES;
			};
			name = Release;
		};
		C60C336428D74B1F00F64A82 /* Debug */ = {
			isa = XCBuildConfiguration;
			buildSettings = {
				ASSETCATALOG_COMPILER_APPICON_NAME = AppIcon;
				ASSETCATALOG_COMPILER_GLOBAL_ACCENT_COLOR_NAME = AccentColor;
				CODE_SIGN_ENTITLEMENTS = "Friendly Holdem/Friendly Holdem.entitlements";
				CODE_SIGN_STYLE = Automatic;
				CURRENT_PROJECT_VERSION = 5;
				DEVELOPMENT_ASSET_PATHS = "\"Friendly Holdem/Preview Content\"";
				DEVELOPMENT_TEAM = 2222CRHQ48;
				ENABLE_PREVIEWS = YES;
				GENERATE_INFOPLIST_FILE = YES;
				INFOPLIST_KEY_CFBundleDisplayName = "Friendly Holdem";
				INFOPLIST_KEY_LSApplicationCategoryType = "public.app-category.entertainment";
				INFOPLIST_KEY_UIApplicationSceneManifest_Generation = YES;
				INFOPLIST_KEY_UIApplicationSupportsIndirectInputEvents = YES;
				INFOPLIST_KEY_UILaunchScreen_Generation = YES;
				INFOPLIST_KEY_UISupportedInterfaceOrientations_iPad = "UIInterfaceOrientationPortrait UIInterfaceOrientationPortraitUpsideDown UIInterfaceOrientationLandscapeLeft UIInterfaceOrientationLandscapeRight";
				INFOPLIST_KEY_UISupportedInterfaceOrientations_iPhone = "UIInterfaceOrientationPortrait UIInterfaceOrientationLandscapeLeft UIInterfaceOrientationLandscapeRight";
				LD_RUNPATH_SEARCH_PATHS = (
					"$(inherited)",
					"@executable_path/Frameworks",
				);
				MARKETING_VERSION = 1.4.1;
				PRODUCT_BUNDLE_IDENTIFIER = com.saio674.FriendlyHoldem;
				PRODUCT_NAME = "$(TARGET_NAME)";
				SWIFT_EMIT_LOC_STRINGS = YES;
				SWIFT_VERSION = 5.0;
				TARGETED_DEVICE_FAMILY = "1,2";
			};
			name = Debug;
		};
		C60C336528D74B1F00F64A82 /* Release */ = {
			isa = XCBuildConfiguration;
			buildSettings = {
				ASSETCATALOG_COMPILER_APPICON_NAME = AppIcon;
				ASSETCATALOG_COMPILER_GLOBAL_ACCENT_COLOR_NAME = AccentColor;
				CODE_SIGN_ENTITLEMENTS = "Friendly Holdem/Friendly Holdem.entitlements";
				CODE_SIGN_STYLE = Automatic;
				CURRENT_PROJECT_VERSION = 5;
				DEVELOPMENT_ASSET_PATHS = "\"Friendly Holdem/Preview Content\"";
				DEVELOPMENT_TEAM = 2222CRHQ48;
				ENABLE_PREVIEWS = YES;
				GENERATE_INFOPLIST_FILE = YES;
				INFOPLIST_KEY_CFBundleDisplayName = "Friendly Holdem";
				INFOPLIST_KEY_LSApplicationCategoryType = "public.app-category.entertainment";
				INFOPLIST_KEY_UIApplicationSceneManifest_Generation = YES;
				INFOPLIST_KEY_UIApplicationSupportsIndirectInputEvents = YES;
				INFOPLIST_KEY_UILaunchScreen_Generation = YES;
				INFOPLIST_KEY_UISupportedInterfaceOrientations_iPad = "UIInterfaceOrientationPortrait UIInterfaceOrientationPortraitUpsideDown UIInterfaceOrientationLandscapeLeft UIInterfaceOrientationLandscapeRight";
				INFOPLIST_KEY_UISupportedInterfaceOrientations_iPhone = "UIInterfaceOrientationPortrait UIInterfaceOrientationLandscapeLeft UIInterfaceOrientationLandscapeRight";
				LD_RUNPATH_SEARCH_PATHS = (
					"$(inherited)",
					"@executable_path/Frameworks",
				);
				MARKETING_VERSION = 1.4.1;
				PRODUCT_BUNDLE_IDENTIFIER = com.saio674.FriendlyHoldem;
				PRODUCT_NAME = "$(TARGET_NAME)";
				SWIFT_EMIT_LOC_STRINGS = YES;
				SWIFT_VERSION = 5.0;
				TARGETED_DEVICE_FAMILY = "1,2";
			};
			name = Release;
		};
/* End XCBuildConfiguration section */

/* Begin XCConfigurationList section */
		C60C335028D74B1E00F64A82 /* Build configuration list for PBXProject "Friendly Holdem" */ = {
			isa = XCConfigurationList;
			buildConfigurations = (
				C60C336128D74B1F00F64A82 /* Debug */,
				C60C336228D74B1F00F64A82 /* Release */,
			);
			defaultConfigurationIsVisible = 0;
			defaultConfigurationName = Release;
		};
		C60C336328D74B1F00F64A82 /* Build configuration list for PBXNativeTarget "Friendly Holdem" */ = {
			isa = XCConfigurationList;
			buildConfigurations = (
				C60C336428D74B1F00F64A82 /* Debug */,
				C60C336528D74B1F00F64A82 /* Release */,
			);
			defaultConfigurationIsVisible = 0;
			defaultConfigurationName = Release;
		};
/* End XCConfigurationList section */

/* Begin XCRemoteSwiftPackageReference section */
		C621D24728D7AB4900DB785D /* XCRemoteSwiftPackageReference "swift-algorithms" */ = {
			isa = XCRemoteSwiftPackageReference;
			repositoryURL = "https://github.com/apple/swift-algorithms.git";
			requirement = {
				kind = upToNextMajorVersion;
				minimumVersion = 1.0.0;
			};
		};
/* End XCRemoteSwiftPackageReference section */

/* Begin XCSwiftPackageProductDependency section */
		C621D24828D7AB4900DB785D /* Algorithms */ = {
			isa = XCSwiftPackageProductDependency;
			package = C621D24728D7AB4900DB785D /* XCRemoteSwiftPackageReference "swift-algorithms" */;
			productName = Algorithms;
		};
/* End XCSwiftPackageProductDependency section */
	};
	rootObject = C60C334D28D74B1E00F64A82 /* Project object */;
}
